
Microsoft Visual Studio Solution File, Format Version 12.00
# Visual Studio Version 17
VisualStudioVersion = 17.14.36429.23
MinimumVisualStudioVersion = 10.0.40219.1
Project("{FAE04EC0-301F-11D3-BF4B-00C04F79EFBC}") = "Abstracciones", "Abstracciones\Abstracciones.csproj", "{D9E9C8DA-6F5E-4715-B9D0-4A609D3B67C6}"
EndProject
Project("{FAE04EC0-301F-11D3-BF4B-00C04F79EFBC}") = "Reglas", "Reglas\Reglas.csproj", "{C2AD03BB-D1C9-47B0-B64D-71FA4F37F7CC}"
EndProject
Project("{FAE04EC0-301F-11D3-BF4B-00C04F79EFBC}") = "Web", "Web\Web.csproj", "{6B30E2DC-E576-4677-A8B4-15231555CB3A}"
EndProject
Global
	GlobalSection(SolutionConfigurationPlatforms) = preSolution
		Debug|Any CPU = Debug|Any CPU
		Release|Any CPU = Release|Any CPU
	EndGlobalSection
	GlobalSection(ProjectConfigurationPlatforms) = postSolution
		{D9E9C8DA-6F5E-4715-B9D0-4A609D3B67C6}.Debug|Any CPU.ActiveCfg = Debug|Any CPU
		{D9E9C8DA-6F5E-4715-B9D0-4A609D3B67C6}.Debug|Any CPU.Build.0 = Debug|Any CPU
		{D9E9C8DA-6F5E-4715-B9D0-4A609D3B67C6}.Release|Any CPU.ActiveCfg = Release|Any CPU
		{D9E9C8DA-6F5E-4715-B9D0-4A609D3B67C6}.Release|Any CPU.Build.0 = Release|Any CPU
		{C2AD03BB-D1C9-47B0-B64D-71FA4F37F7CC}.Debug|Any CPU.ActiveCfg = Debug|Any CPU
		{C2AD03BB-D1C9-47B0-B64D-71FA4F37F7CC}.Debug|Any CPU.Build.0 = Debug|Any CPU
		{C2AD03BB-D1C9-47B0-B64D-71FA4F37F7CC}.Release|Any CPU.ActiveCfg = Release|Any CPU
		{C2AD03BB-D1C9-47B0-B64D-71FA4F37F7CC}.Release|Any CPU.Build.0 = Release|Any CPU
		{6B30E2DC-E576-4677-A8B4-15231555CB3A}.Debug|Any CPU.ActiveCfg = Debug|Any CPU
		{6B30E2DC-E576-4677-A8B4-15231555CB3A}.Debug|Any CPU.Build.0 = Debug|Any CPU
		{6B30E2DC-E576-4677-A8B4-15231555CB3A}.Release|Any CPU.ActiveCfg = Release|Any CPU
		{6B30E2DC-E576-4677-A8B4-15231555CB3A}.Release|Any CPU.Build.0 = Release|Any CPU
	EndGlobalSection
	GlobalSection(SolutionProperties) = preSolution
		HideSolutionNode = FALSE
	EndGlobalSection
	GlobalSection(ExtensibilityGlobals) = postSolution
		SolutionGuid = {7CB6BE3F-3F5D-4A9F-B416-D1A205B82A52}
	EndGlobalSection
EndGlobal
